Microsoft Visual Studio Solution File, Format Version 12.00
# Visual Studio Version 17
VisualStudioVersion = 17.5.2.0
MinimumVisualStudioVersion = 10.0.40219.1
Project("{FAE04EC0-301F-11D3-BF4B-00C04F79EFBC}") = "GroundOneApi.Tests.csproj", "GroundOneApi.Tests\GroundOneApi.Tests.csproj.csproj", "{F7858282-7184-C080-479E-955CA98EAA12}"
EndProject
Project("{FAE04EC0-301F-11D3-BF4B-00C04F79EFBC}") = "backend", "backend\backend.csproj", "{B5CEE1AB-68C5-FCEC-EA61-653FFB609ED2}"
EndProject
Global
	GlobalSection(SolutionConfigurationPlatforms) = preSolution
		Debug|Any CPU = Debug|Any CPU
		Release|Any CPU = Release|Any CPU
	EndGlobalSection
	GlobalSection(ProjectConfigurationPlatforms) = postSolution
		{F7858282-7184-C080-479E-955CA98EAA12}.Debug|Any CPU.ActiveCfg = Debug|Any CPU
		{F7858282-7184-C080-479E-955CA98EAA12}.Debug|Any CPU.Build.0 = Debug|Any CPU
		{F7858282-7184-C080-479E-955CA98EAA12}.Release|Any CPU.ActiveCfg = Release|Any CPU
		{F7858282-7184-C080-479E-955CA98EAA12}.Release|Any CPU.Build.0 = Release|Any CPU
		{B5CEE1AB-68C5-FCEC-EA61-653FFB609ED2}.Debug|Any CPU.ActiveCfg = Debug|Any CPU
		{B5CEE1AB-68C5-FCEC-EA61-653FFB609ED2}.Debug|Any CPU.Build.0 = Debug|Any CPU
		{B5CEE1AB-68C5-FCEC-EA61-653FFB609ED2}.Release|Any CPU.ActiveCfg = Release|Any CPU
		{B5CEE1AB-68C5-FCEC-EA61-653FFB609ED2}.Release|Any CPU.Build.0 = Release|Any CPU
	EndGlobalSection
	GlobalSection(SolutionProperties) = preSolution
		HideSolutionNode = FALSE
	EndGlobalSection
	GlobalSection(ExtensibilityGlobals) = postSolution
		SolutionGuid = {9E37956B-3E63-43D7-8994-F1641F64F482}
	EndGlobalSection
EndGlobal
